
Microsoft Visual Studio Solution File, Format Version 12.00
# Visual Studio Version 17
VisualStudioVersion = 17.1.32421.90
MinimumVisualStudioVersion = 10.0.40219.1
Project("{FAE04EC0-301F-11D3-BF4B-00C04F79EFBC}") = "BirthdayAttackDemo", "BirthdayAttackDemo\BirthdayAttackDemo.csproj", "{26560449-58A7-4EE8-99CB-522CAC9B3AFD}"
EndProject
Global
	GlobalSection(SolutionConfigurationPlatforms) = preSolution
		Debug|Any CPU = Debug|Any CPU
		Release|Any CPU = Release|Any CPU
	EndGlobalSection
	GlobalSection(ProjectConfigurationPlatforms) = postSolution
		{26560449-58A7-4EE8-99CB-522CAC9B3AFD}.Debug|Any CPU.ActiveCfg = Debug|Any CPU
		{26560449-58A7-4EE8-99CB-522CAC9B3AFD}.Debug|Any CPU.Build.0 = Debug|Any CPU
		{26560449-58A7-4EE8-99CB-522CAC9B3AFD}.Release|Any CPU.ActiveCfg = Release|Any CPU
		{26560449-58A7-4EE8-99CB-522CAC9B3AFD}.Release|Any CPU.Build.0 = Release|Any CPU
	EndGlobalSection
	GlobalSection(SolutionProperties) = preSolution
		HideSolutionNode = FALSE
	EndGlobalSection
	GlobalSection(ExtensibilityGlobals) = postSolution
		SolutionGuid = {4900A3CA-47C1-480D-BA1F-EE4A653079EC}
	EndGlobalSection
EndGlobal
